github.com/BurntSushi/toml v0.3.1/go.mod h1:xHWCNGjB5oqiDr8zfno3MHue2Ht5sIBksp03qcyfWMU=
github.com/BurntSushi/toml v1.2.1 h1:9F2/+DoOYIOksmaJFPw1tGFy1eDnIJXg+UHjuD8lTak=
github.com/BurntSushi/toml v1.2.1/go.mod h1:CxXYINrC8qIiEnFrOxCa7Jy5BFHlXnUU2pbicEuybxQ=
github.com/JoshVarga/svgparser v0.0.0-20200804023048-5eaba627a7d1 h1:RAQocNl+YQYGPt5yh4SR5zFUIHKrXnLhjIGhHO4Vwnc=
github.com/JoshVarga/svgparser v0.0.0-20200804023048-5eaba627a7d1/go.mod h1:tMmgUTWcco9d1ZmK7zjxuTv7XWZhyutXIsgu0uJ3gDw=
github.com/VividCortex/ewma v1.1.1 h1:MnEK4VOv6n0RSY4vtRe3h11qjxL3+t0B8yOL8iMXdcM=
github.com/VividCortex/ewma v1.1.1/go.mod h1:2Tkkvm3sRDVXaiyucHiACn4cqf7DpdyLvmxzcbUokwA=
github.com/adrg/frontmatter v0.2.0 h1:/DgnNe82o03riBd1S+ZDjd43wAmC6W35q67NHeLkPd4=
github.com/adrg/frontmatter v0.2.0/go.mod h1:93rQCj3z3ZlwyxxpQioRKC1wDLto4aXHrbqIsnH9wmE=
github.com/antchfx/xmlquery v1.3.3 h1:HYmadPG0uz8CySdL68rB4DCLKXz2PurCjS3mnkVF4CQ=
github.com/antchfx/xmlquery v1.3.3/go.mod h1:64w0Xesg2sTaawIdNqMB+7qaW/bSqkQm+ssPaCMWNnc=
github.com/antchfx/xpath v1.1.10/go.mod h1:Yee4kTMuNiPYJ7nSNorELQMr1J33uOpXDMByNYhvtNk=
github.com/antchfx/xpath v1.2.0 h1:mbwv7co+x0RwgeGAOHdrKy89GvHaGvxxBtPK0uF9Zr8=
github.com/antchfx/xpath v1.2.0/go.mod h1:i54GszH55fYfBmoZXapTHN8T8tkcHfRgLyVwwqzXNcs=
github.com/bmatcuk/doublestar/v4 v4.0.2 h1:X0krlUVAVmtr2cRoTqR8aDMrDqnB36ht8wpWTiQ3jsA=
github.com/bmatcuk/doublestar/v4 v4.0.2/go.mod h1:xBQ8jztBU6kakFMg+8WGxn0c6z1fTSPVIjEY1Wr7jzc=
github.com/cheggaaa/pb/v3 v3.0.8 h1:bC8oemdChbke2FHIIGy9mn4DPJ2caZYQnfbRqwmdCoA=
github.com/cheggaaa/pb/v3 v3.0.8/go.mod h1:UICbiLec/XO6Hw6k+BHEtHeQFzzBH4i2/qk/ow1EJTA=
github.com/cpuguy83/go-md2man/v2 v2.0.2 h1:p1EgwI/C7NhT0JmVkwCD2ZBK8j4aeHQX2pMHHBfMQ6w=
github.com/cpuguy83/go-md2man/v2 v2.0.2/go.mod h1:tgQtvFlXSQOSOSIRvRPT7W67SCa46tRHOmNcaadrF8o=
github.com/creack/pty v1.1.9/go.mod h1:oKZEueFk5CKHvIhNR5MUki03XCEU+Q6VDXinZuGJ33E=
github.com/davecgh/go-spew v1.1.0/go.mod h1:J7Y8YcW2NihsgmVo/mv3lAwl/skON4iLHjSsI+c5H38=
github.com/davecgh/go-spew v1.1.1 h1:vj9j/u1bqnvCEfJOwUhtlOARqs3+rkHYY13jYWTU97c=
github.com/davecgh/go-spew v1.1.1/go.mod h1:J7Y8YcW2NihsgmVo/mv3lAwl/skON4iLHjSsI+c5H38=
github.com/fatih/color v1.10.0/go.mod h1:ELkj/draVOlAH/xkhN6mQ50Qd0MPOk5AAr3maGEBuJM=
github.com/fatih/color v1.13.0 h1:8LOYc1KYPPmyKMuN8QV2DNRWNbLo6LZ0iLs8+mlH53w=
github.com/fatih/color v1.13.0/go.mod h1:kLAiJbzzSOZDVNGyDpeOxJ47H46qBXwg5ILebYFFOfk=
github.com/golang/groupcache v0.0.0-20200121045136-8c9f03a8e57e/go.mod h1:cIg4eruTrX1D+g88fzRXU5OdNfaM+9IcxsU14FzY7Hc=
github.com/golang/groupcache v0.0.0-20210331224755-41bb18bfe9da h1:oI5xCqsCo564l8iNU+DwB5epxmsaqB+rhGL0m5jtYqE=
github.com/golang/groupcache v0.0.0-20210331224755-41bb18bfe9da/go.mod h1:cIg4eruTrX1D+g88fzRXU5OdNfaM+9IcxsU14FzY7Hc=
github.com/inconshreveable/mousetrap v1.1.0 h1:wN+x4NVGpMsO7ErUn/mUI3vEoE6Jt13X2s0bqwp9tc8=
github.com/inconshreveable/mousetrap v1.1.0/go.mod h1:vpF70FUmC8bwa3OWnCshd2FqLfsEA9PFc4w1p2J65bw=
github.com/jsummers/gobmp v0.0.0-20151104160322-e2ba15ffa76e h1:LvL4XsI70QxOGHed6yhQtAU34Kx3Qq2wwBzGFKY8zKk=
github.com/jsummers/gobmp v0.0.0-20151104160322-e2ba15ffa76e/go.mod h1:kLgvv7o6UM+0QSf0QjAse3wReFDsb9qbZJdfexWlrQw=
github.com/kr/pretty v0.2.1/go.mod h1:ipq/a2n7PKx3OHsz4KJII5eveXtPO4qwEXGdVfWzfnI=
github.com/kr/pretty v0.3.1 h1:flRD4NNwYAUpkphVc1HcthR4KEIFJ65n8Mw5qdRn3LE=
github.com/kr/pretty v0.3.1/go.mod h1:hoEshYVHaxMs3cyo3Yncou5ZscifuDolrwPKZanG3xk=
github.com/kr/pty v1.1.1/go.mod h1:pFQYn66WHrOpPYNljwOMqo10TkYh1fy3cYio2l3bCsQ=
github.com/kr/text v0.1.0/go.mod h1:4Jbv+DJW3UT/LiOwJeYQe1efqtUx/iVham/4vfdArNI=
github.com/kr/text v0.2.0 h1:5Nx0Ya0ZqY2ygV366QzturHI13Jq95ApcVaJBhpS+AY=
github.com/kr/text v0.2.0/go.mod h1:eLer722TekiGuMkidMxC/pM04lWEeraHUUmBw8l2grE=
github.com/mattn/go-colorable v0.1.8/go.mod h1:u6P/XSegPjTcexA+o6vUJrdnUu04hMope9wVRipJSqc=
github.com/mattn/go-colorable v0.1.9/go.mod h1:u6P/XSegPjTcexA+o6vUJrdnUu04hMope9wVRipJSqc=
github.com/mattn/go-colorable v0.1.13 h1:fFA4WZxdEF4tXPZVKMLwD8oUnCTTo08duU7wxecdEvA=
github.com/mattn/go-colorable v0.1.13/go.mod h1:7S9/ev0klgBDR4GtXTXX8a3vIGJpMovkB8vQcUbaXHg=
github.com/mattn/go-isatty v0.0.12/go.mod h1:cbi8OIDigv2wuxKPP5vlRcQ1OAZbq2CE4Kysco4FUpU=
github.com/mattn/go-isatty v0.0.14/go.mod h1:7GGIvUiUoEMVVmxf/4nioHXj79iQHKdU27kJ6hsGG94=
github.com/mattn/go-isatty v0.0.16/go.mod h1:kYGgaQfpe5nmfYZH+SKPsOc2e4SrIfOl2e/yFXSvRLM=
github.com/mattn/go-isatty v0.0.18 h1:DOKFKCQ7FNG2L1rbrmstDN4QVRdS89Nkh85u68Uwp98=
github.com/mattn/go-isatty v0.0.18/go.mod h1:W+V8PltTTMOvKvAeJH7IuucS94S2C6jfK/D7dTCTo3Y=
github.com/mattn/go-runewidth v0.0.9/go.mod h1:H031xJmbD/WCDINGzjvQ9THkh0rPKHF+m2gUSrubnMI=
github.com/mattn/go-runewidth v0.0.12/go.mod h1:RAqKPSqVFrSLVXbA8x7dzmKdmGzieGRCM46jaSJTDAk=
github.com/mattn/go-runewidth v0.0.14 h1:+xnbZSEeDbOIg5/mE6JF0w6n9duR1l3/WmbinWVwUuU=
github.com/mattn/go-runewidth v0.0.14/go.mod h1:Jdepj2loyihRzMpdS35Xk/zdY8IAYHsh153qUoGf23w=
github.com/mitchellh/go-homedir v1.1.0 h1:lukF9ziXFxDFPkA1vsr5zpc1XuPDn/wFntq5mG+4E0Y=
github.com/mitchellh/go-homedir v1.1.0/go.mod h1:SfyaCUpYCn1Vlf4IUYiD9fPX4A5wJrkLzIz1N1q0pr0=
github.com/muesli/mango v0.1.0 h1:DZQK45d2gGbql1arsYA4vfg4d7I9Hfx5rX/GCmzsAvI=
github.com/muesli/mango v0.1.0/go.mod h1:5XFpbC8jY5UUv89YQciiXNlbi+iJgt29VDC5xbzrLL4=
github.com/muesli/mango-cobra v1.2.0 h1:DQvjzAM0PMZr85Iv9LIMaYISpTOliMEg+uMFtNbYvWg=
github.com/muesli/mango-cobra v1.2.0/go.mod h1:vMJL54QytZAJhCT13LPVDfkvCUJ5/4jNUKF/8NC2UjA=
github.com/muesli/mango-pflag v0.1.0 h1:UADqbYgpUyRoBja3g6LUL+3LErjpsOwaC9ywvBWe7Sg=
github.com/muesli/mango-pflag v0.1.0/go.mod h1:YEQomTxaCUp8PrbhFh10UfbhbQrM/xJ4i2PB8VTLLW0=
github.com/muesli/roff v0.1.0 h1:YD0lalCotmYuF5HhZliKWlIx7IEhiXeSfq7hNjFqGF8=
github.com/muesli/roff v0.1.0/go.mod h1:pjAHQM9hdUUwm/krAfrLGgJkXJ+YuhtsfZ42kieB2Ig=
github.com/nfnt/resize v0.0.0-20180221191011-83c6a9932646/go.mod h1:jpp1/29i3P1S/RLdc7JQKbRpFeM1dOBd8T9ki5s+AY8=
github.com/olekukonko/tablewriter v0.0.5 h1:P2Ga83D34wi1o9J6Wh1mRuqd4mF/x/lgBS7N7AbDhec=
github.com/olekukonko/tablewriter v0.0.5/go.mod h1:hPp6KlRPjbx+hW8ykQs1w3UBbZlj6HuIJcUGPhkA7kY=
github.com/pkg/diff v0.0.0-20210226163009-20ebb0f2a09e/go.mod h1:pJLUxLENpZxwdsKMEsNbx1VGcRFpLqf3715MtcvvzbA=
github.com/pmezard/go-difflib v1.0.0 h1:4DBwDE0NGyQoBHbLQYPwSUPoCMWR5BEzIk/f1lZbAQM=
github.com/pmezard/go-difflib v1.0.0/go.mod h1:iKH77koFhYxTK1pcRnkKkqfTogsbg7gZNVY4sRDYZ/4=
github.com/rivo/uniseg v0.1.0/go.mod h1:J6wj4VEh+S6ZtnVlnTBMWIodfgj8LQOQFoIToxlJtxc=
github.com/rivo/uniseg v0.2.0/go.mod h1:J6wj4VEh+S6ZtnVlnTBMWIodfgj8LQOQFoIToxlJtxc=
github.com/rivo/uniseg v0.4.2 h1:YwD0ulJSJytLpiaWua0sBDusfsCZohxjxzVTYjwxfV8=
github.com/rivo/uniseg v0.4.2/go.mod h1:FN3SvrM+Zdj16jyLfmOkMNblXMcoc8DfTHruCPUcx88=
github.com/rogpeppe/go-internal v1.9.0/go.mod h1:WtVeX8xhTBvf0smdhujwtBcq4Qrzq/fJaraNFVN+nFs=
github.com/rogpeppe/go-internal v1.10.0 h1:TMyTOH3F/DB16zRVcYyreMH6GnZZrwQVAoYjRBZyWFQ=
github.com/rogpeppe/go-internal v1.10.0/go.mod h1:UQnix2H7Ngw/k4C5ijL5+65zddjncjaFoBhdsK/akog=
github.com/russross/blackfriday/v2 v2.1.0 h1:JIOH55/0cWyOuilr9/qlrm0BSXldqnqwMsf35Ld67mk=
github.com/russross/blackfriday/v2 v2.1.0/go.mod h1:+Rmxgy9KzJVeS9/2gXHxylqXiyQDYRxCVz55jmeOWTM=
github.com/sabhiram/go-gitignore v0.0.0-20210923224102-525f6e181f06 h1:OkMGxebDjyw0ULyrTYWeN0UNCCkmCWfjPnIA2W6oviI=
github.com/sabhiram/go-gitignore v0.0.0-20210923224102-525f6e181f06/go.mod h1:+ePHsJ1keEjQtpvf9HHw0f4ZeJ0TLRsxhunSI2hYJSs=
github.com/santhosh-tekuri/jsonschema/v5 v5.3.1 h1:lZUw3E0/J3roVtGQ+SCrUrg3ON6NgVqpn3+iol9aGu4=
github.com/santhosh-tekuri/jsonschema/v5 v5.3.1/go.mod h1:uToXkOrWAZ6/Oc07xWQrPOhJotwFIyu2bBVN41fcDUY=
github.com/shopspring/decimal v1.3.1 h1:2Usl1nmF/WZucqkFZhnfFYxxxu8LG21F6nPQBE5gKV8=
github.com/shopspring/decimal v1.3.1/go.mod h1:DKyhrW/HYNuLGql+MJL6WCR6knT2jwCFRcu2hWCYk4o=
github.com/spf13/cobra v1.7.0 h1:hyqWnYt1ZQShIddO5kBpj3vu05/++x6tJ6dg8EC572I=
github.com/spf13/cobra v1.7.0/go.mod h1:uLxZILRyS/50WlhOIKD7W6V5bgeIt+4sICxh6uRMrb0=
github.com/spf13/pflag v1.0.5 h1:iy+VFUOCP1a+8yFto/drg2CJ5u0yRoB7fZw3DKv/JXA=
github.com/spf13/pflag v1.0.5/go.mod h1:McXfInJRrz4CZXVZOBLb0bTZqETkiAhM9Iw0y3An2Bg=
github.com/stretchr/objx v0.1.0/go.mod h1:HFkY916IF+rwdDfMAkV7OtwuqBVzrE8GR6GFx+wExME=
github.com/stretchr/testify v1.2.2/go.mod h1:a8OnRcib4nhh0OaRAV+Yts87kKdq0PP7pXfy6kDkUVs=
github.com/stretchr/testify v1.6.1/go.mod h1:6Fq8oRcR53rry900zMqJjRRixrwX3KX962/h/Wwjteg=
github.com/stretchr/testify v1.8.4 h1:CcVxjf3Q8PM0mHUKJCdn+eZZtm5yQwehR5yeSVQQcUk=
github.com/stretchr/testify v1.8.4/go.mod h1:sz/lmYIOXD/1dqDmKjjqLyZ2RngseejIcXlSw2iwfAo=
github.com/zyxar/image2ascii v0.0.0-20180912034614-460a04e371ae h1:EiqxsQwk1eimsz+ncJrsMMMwnkYTGiVOrLe5lGxL9cs=
github.com/zyxar/image2ascii v0.0.0-20180912034614-460a04e371ae/go.mod h1:Md4Hcw0pmYWDCo1o/fHeOC2Gdhc6oDRwLim8V+SMvI0=
golang.org/x/crypto v0.0.0-20190308221718-c2843e01d9a2/go.mod h1:djNgcEr1/C05ACkg1iLfiJU5Ep61QUkGW8qpdssI0+w=
golang.org/x/crypto v0.0.0-20200622213623-75b288015ac9/go.mod h1:LzIPMQfyMNhhGPhUkYOs5KpL4U8rLKemX1yGLhDgUto=
golang.org/x/exp v0.0.0-20230321023759-10a507213a29 h1:ooxPy7fPvB4kwsA2h+iBNHkAbp/4JxTSwCmvdjEYmug=
golang.org/x/exp v0.0.0-20230321023759-10a507213a29/go.mod h1:CxIveKay+FTh1D0yPZemJVgC/95VzuuOLq5Qi4xnoYc=
golang.org/x/image v0.0.0-20180708004352-c73c2afc3b81/go.mod h1:ux5Hcp/YLpHSI86hEcLt0YII63i6oz57MZXIpbrjZUs=
golang.org/x/net v0.0.0-20190404232315-eb5bcb51f2a3/go.mod h1:t9HGtf8HONx5eT2rtn7q6eTqICYqUVnKs3thJo3Qplg=
golang.org/x/net v0.0.0-20200813134508-3edf25e44fcc/go.mod h1:/O7V0waA8r7cgGh81Ro3o1hOxt32SMVPicZroKQ2sZA=
golang.org/x/net v0.14.0 h1:BONx9s002vGdD9umnlX1Po8vOZmrgH34qlHcD1MfK14=
golang.org/x/net v0.14.0/go.mod h1:PpSgVXXLK0OxS0F31C1/tv6XNguvCrnXIDrFMspZIUI=
golang.org/x/sys v0.0.0-20190215142949-d0b11bdaac8a/go.mod h1:STP8DvDyc/dI5b8T5hshtkjS+E42TnysNCUPdjciGhY=
golang.org/x/sys v0.0.0-20190412213103-97732733099d/go.mod h1:h1NjWce9XRLGQEsW7wpKNCjG9DtNlClVuFLEZdDNbEs=
golang.org/x/sys v0.0.0-20200116001909-b77594299b42/go.mod h1:h1NjWce9XRLGQEsW7wpKNCjG9DtNlClVuFLEZdDNbEs=
golang.org/x/sys v0.0.0-20200223170610-d5e6a3e2c0ae/go.mod h1:h1NjWce9XRLGQEsW7wpKNCjG9DtNlClVuFLEZdDNbEs=
golang.org/x/sys v0.0.0-20200323222414-85ca7c5b95cd/go.mod h1:h1NjWce9XRLGQEsW7wpKNCjG9DtNlClVuFLEZdDNbEs=
golang.org/x/sys v0.0.0-20210403161142-5e06dd20ab57/go.mod h1:h1NjWce9XRLGQEsW7wpKNCjG9DtNlClVuFLEZdDNbEs=
golang.org/x/sys v0.0.0-20210630005230-0f9fa26af87c/go.mod h1:oPkhp1MJrh7nUepCBck5+mAzfO9JrbApNNgaTdGDITg=
golang.org/x/sys v0.0.0-20220811171246-fbc7d0a398ab/go.mod h1:oPkhp1MJrh7nUepCBck5+mAzfO9JrbApNNgaTdGDITg=
golang.org/x/sys v0.6.0/go.mod h1:oPkhp1MJrh7nUepCBck5+mAzfO9JrbApNNgaTdGDITg=
golang.org/x/sys v0.11.0 h1:eG7RXZHdqOJ1i+0lgLgCpSXAp6M3LYlAo6osgSi0xOM=
golang.org/x/sys v0.11.0/go.mod h1:oPkhp1MJrh7nUepCBck5+mAzfO9JrbApNNgaTdGDITg=
golang.org/x/text v0.3.0/go.mod h1:NqM8EUOU14njkJ3fqMW+pc6Ldnwhi/IjpwHt7yyuwOQ=
golang.org/x/text v0.12.0 h1:k+n5B8goJNdU7hSvEtMUz3d1Q6D/XW4COJSJR6fN0mc=
golang.org/x/text v0.12.0/go.mod h1:TvPlkZtksWOMsz7fbANvkp4WM8x/WCo/om8BMLbz+aE=
gopkg.in/check.v1 v0.0.0-20161208181325-20d25e280405/go.mod h1:Co6ibVJAznAaIkqp8huTwlJQCZ016jof/cbN4VW5Yz0=
gopkg.in/check.v1 v1.0.0-20201130134442-10cb98267c6c h1:Hei/4ADfdWqJk1ZMxUNpqntNwaWcugrBjAiHlqqRiVk=
gopkg.in/check.v1 v1.0.0-20201130134442-10cb98267c6c/go.mod h1:JHkPIbrfpd72SG/EVd6muEfDQjcINNoR0C8j2r3qZ4Q=
gopkg.in/yaml.v2 v2.3.0/go.mod h1:hI93XBmqTisBFMUTm0b8Fm+jr3Dg1NNxqwp+5A1VGuI=
gopkg.in/yaml.v2 v2.4.0 h1:D8xgwECY7CYvx+Y2n4sBz93Jn9JRvxdiyyo8CTfuKaY=
gopkg.in/yaml.v2 v2.4.0/go.mod h1:RDklbk79AGWmwhnvt/jBztapEOGDOx6ZbXqjP6csGnQ=
gopkg.in/yaml.v3 v3.0.0-20200313102051-9f266ea9e77c/go.mod h1:K4uyk7z7BCEPqu6E+C64Yfv1cQ7kz7rIZviUmN+EgEM=
gopkg.in/yaml.v3 v3.0.1 h1:fxVm/GzAzEWqLHuvctI91KS9hhNmmWOoWu0XTYJS7CA=
gopkg.in/yaml.v3 v3.0.1/go.mod h1:K4uyk7z7BCEPqu6E+C64Yfv1cQ7kz7rIZviUmN+EgEM=
